{
  "name": "ngx-cytoscape",
  "version": "0.1.0",
  "lockfileVersion": 1,
  "requires": true,
  "dependencies": {
    "cytoscape": {
      "version": "2.7.26",
      "resolved": "https://registry.npmjs.org/cytoscape/-/cytoscape-2.7.26.tgz",
      "integrity": "sha512-IKpRoVYefKylrgbKyQqixeiHRlhbdzEaJsLd4NbesZaa6EZYc51WVcL9fa2moYqXLgHVvPTp5kc5/K7/YsW8qg=="
    }
  }
}
